
Microsoft Visual Studio Solution File, Format Version 12.00
# Visual Studio 15
VisualStudioVersion = 15.0.28307.1340
MinimumVisualStudioVersion = 10.0.40219.1
Project("{FAE04EC0-301F-11D3-BF4B-00C04F79EFBC}") = "DocumentManagerUtil", "DocumentManagerUtil\DocumentManagerUtil.csproj", "{46FA3CF4-DE39-41CB-9C1E-7C5BAACC4E69}"
EndProject
Global
	GlobalSection(SolutionConfigurationPlatforms) = preSolution
		Debug|Any CPU = Debug|Any CPU
		Release|Any CPU = Release|Any CPU
	EndGlobalSection
	GlobalSection(ProjectConfigurationPlatforms) = postSolution
		{46FA3CF4-DE39-41CB-9C1E-7C5BAACC4E69}.Debug|Any CPU.ActiveCfg = Debug|Any CPU
		{46FA3CF4-DE39-41CB-9C1E-7C5BAACC4E69}.Debug|Any CPU.Build.0 = Debug|Any CPU
		{46FA3CF4-DE39-41CB-9C1E-7C5BAACC4E69}.Release|Any CPU.ActiveCfg = Release|Any CPU
		{46FA3CF4-DE39-41CB-9C1E-7C5BAACC4E69}.Release|Any CPU.Build.0 = Release|Any CPU
	EndGlobalSection
	GlobalSection(SolutionProperties) = preSolution
		HideSolutionNode = FALSE
	EndGlobalSection
	GlobalSection(ExtensibilityGlobals) = postSolution
		SolutionGuid = {0AB3AA21-011F-4F66-9630-8C1A63BD71A7}
	EndGlobalSection
EndGlobal
